
Microsoft Visual Studio Solution File, Format Version 12.00
# Visual Studio 15
VisualStudioVersion = 15.0.26730.16
MinimumVisualStudioVersion = 10.0.40219.1
Project("{FAE04EC0-301F-11D3-BF4B-00C04F79EFBC}") = "FileandFileInfo", "FileandFileInfo\FileandFileInfo.csproj", "{6747E30E-60FC-440A-85D8-D6650F96934B}"
EndProject
Global
	GlobalSection(SolutionConfigurationPlatforms) = preSolution
		Debug|Any CPU = Debug|Any CPU
		Release|Any CPU = Release|Any CPU
	EndGlobalSection
	GlobalSection(ProjectConfigurationPlatforms) = postSolution
		{6747E30E-60FC-440A-85D8-D6650F96934B}.Debug|Any CPU.ActiveCfg = Debug|Any CPU
		{6747E30E-60FC-440A-85D8-D6650F96934B}.Debug|Any CPU.Build.0 = Debug|Any CPU
		{6747E30E-60FC-440A-85D8-D6650F96934B}.Release|Any CPU.ActiveCfg = Release|Any CPU
		{6747E30E-60FC-440A-85D8-D6650F96934B}.Release|Any CPU.Build.0 = Release|Any CPU
	EndGlobalSection
	GlobalSection(SolutionProperties) = preSolution
		HideSolutionNode = FALSE
	EndGlobalSection
	GlobalSection(ExtensibilityGlobals) = postSolution
		SolutionGuid = {2B93CB9F-91BC-4CCD-861F-00E6BAD6A29B}
	EndGlobalSection
EndGlobal
