
Microsoft Visual Studio Solution File, Format Version 12.00
# Visual Studio 15
VisualStudioVersion = 15.0.26730.16
MinimumVisualStudioVersion = 10.0.40219.1
Project("{FAE04EC0-301F-11D3-BF4B-00C04F79EFBC}") = "Exercise for section 4", "Exercise for section 4\Exercise for section 4.csproj", "{5A54B3ED-4278-4D3B-ABDE-FD9954BF339F}"
EndProject
Global
	GlobalSection(SolutionConfigurationPlatforms) = preSolution
		Debug|Any CPU = Debug|Any CPU
		Release|Any CPU = Release|Any CPU
	EndGlobalSection
	GlobalSection(ProjectConfigurationPlatforms) = postSolution
		{5A54B3ED-4278-4D3B-ABDE-FD9954BF339F}.Debug|Any CPU.ActiveCfg = Debug|Any CPU
		{5A54B3ED-4278-4D3B-ABDE-FD9954BF339F}.Debug|Any CPU.Build.0 = Debug|Any CPU
		{5A54B3ED-4278-4D3B-ABDE-FD9954BF339F}.Release|Any CPU.ActiveCfg = Release|Any CPU
		{5A54B3ED-4278-4D3B-ABDE-FD9954BF339F}.Release|Any CPU.Build.0 = Release|Any CPU
	EndGlobalSection
	GlobalSection(SolutionProperties) = preSolution
		HideSolutionNode = FALSE
	EndGlobalSection
	GlobalSection(ExtensibilityGlobals) = postSolution
		SolutionGuid = {72FA8B11-5975-4AC1-93B8-E3F9034F894D}
	EndGlobalSection
EndGlobal
