
Microsoft Visual Studio Solution File, Format Version 12.00
# Visual Studio 15
VisualStudioVersion = 15.0.26730.16
MinimumVisualStudioVersion = 10.0.40219.1
Project("{FAE04EC0-301F-11D3-BF4B-00C04F79EFBC}") = "PathDemo", "PathDemo\PathDemo.csproj", "{1B70D9CB-EF1C-4E3A-A973-026727D27998}"
EndProject
Global
	GlobalSection(SolutionConfigurationPlatforms) = preSolution
		Debug|Any CPU = Debug|Any CPU
		Release|Any CPU = Release|Any CPU
	EndGlobalSection
	GlobalSection(ProjectConfigurationPlatforms) = postSolution
		{1B70D9CB-EF1C-4E3A-A973-026727D27998}.Debug|Any CPU.ActiveCfg = Debug|Any CPU
		{1B70D9CB-EF1C-4E3A-A973-026727D27998}.Debug|Any CPU.Build.0 = Debug|Any CPU
		{1B70D9CB-EF1C-4E3A-A973-026727D27998}.Release|Any CPU.ActiveCfg = Release|Any CPU
		{1B70D9CB-EF1C-4E3A-A973-026727D27998}.Release|Any CPU.Build.0 = Release|Any CPU
	EndGlobalSection
	GlobalSection(SolutionProperties) = preSolution
		HideSolutionNode = FALSE
	EndGlobalSection
	GlobalSection(ExtensibilityGlobals) = postSolution
		SolutionGuid = {28B44874-E945-4727-BC97-7F8E7C2B3C21}
	EndGlobalSection
EndGlobal
