
Microsoft Visual Studio Solution File, Format Version 12.00
# Visual Studio 15
VisualStudioVersion = 15.0.26730.16
MinimumVisualStudioVersion = 10.0.40219.1
Project("{FAE04EC0-301F-11D3-BF4B-00C04F79EFBC}") = "ExercisesSection8", "ExercisesSection8\ExercisesSection8.csproj", "{579C9721-7E52-425F-BD89-8183F41C6D9A}"
EndProject
Global
	GlobalSection(SolutionConfigurationPlatforms) = preSolution
		Debug|Any CPU = Debug|Any CPU
		Release|Any CPU = Release|Any CPU
	EndGlobalSection
	GlobalSection(ProjectConfigurationPlatforms) = postSolution
		{579C9721-7E52-425F-BD89-8183F41C6D9A}.Debug|Any CPU.ActiveCfg = Debug|Any CPU
		{579C9721-7E52-425F-BD89-8183F41C6D9A}.Debug|Any CPU.Build.0 = Debug|Any CPU
		{579C9721-7E52-425F-BD89-8183F41C6D9A}.Release|Any CPU.ActiveCfg = Release|Any CPU
		{579C9721-7E52-425F-BD89-8183F41C6D9A}.Release|Any CPU.Build.0 = Release|Any CPU
	EndGlobalSection
	GlobalSection(SolutionProperties) = preSolution
		HideSolutionNode = FALSE
	EndGlobalSection
	GlobalSection(ExtensibilityGlobals) = postSolution
		SolutionGuid = {BACE0855-A721-4D68-91CC-229FCA92423B}
	EndGlobalSection
EndGlobal
