
Microsoft Visual Studio Solution File, Format Version 12.00
# Visual Studio 15
VisualStudioVersion = 15.0.26730.16
MinimumVisualStudioVersion = 10.0.40219.1
Project("{FAE04EC0-301F-11D3-BF4B-00C04F79EFBC}") = "Variables", "Variables\Variables.csproj", "{7473E3EB-1E5C-4FA1-8F23-5E9CFF9E81BF}"
EndProject
Global
	GlobalSection(SolutionConfigurationPlatforms) = preSolution
		Debug|Any CPU = Debug|Any CPU
		Release|Any CPU = Release|Any CPU
	EndGlobalSection
	GlobalSection(ProjectConfigurationPlatforms) = postSolution
		{7473E3EB-1E5C-4FA1-8F23-5E9CFF9E81BF}.Debug|Any CPU.ActiveCfg = Debug|Any CPU
		{7473E3EB-1E5C-4FA1-8F23-5E9CFF9E81BF}.Debug|Any CPU.Build.0 = Debug|Any CPU
		{7473E3EB-1E5C-4FA1-8F23-5E9CFF9E81BF}.Release|Any CPU.ActiveCfg = Release|Any CPU
		{7473E3EB-1E5C-4FA1-8F23-5E9CFF9E81BF}.Release|Any CPU.Build.0 = Release|Any CPU
	EndGlobalSection
	GlobalSection(SolutionProperties) = preSolution
		HideSolutionNode = FALSE
	EndGlobalSection
	GlobalSection(ExtensibilityGlobals) = postSolution
		SolutionGuid = {25006C29-5B2C-460C-8B1B-3F3587C70B0C}
	EndGlobalSection
EndGlobal
