
Microsoft Visual Studio Solution File, Format Version 12.00
# Visual Studio 15
VisualStudioVersion = 15.0.27130.2010
MinimumVisualStudioVersion = 10.0.40219.1
Project("{FAE04EC0-301F-11D3-BF4B-00C04F79EFBC}") = "Debugger", "Debugger\Debugger.csproj", "{DA1980A3-90B4-43CC-BC79-123D2D6E9A1E}"
EndProject
Global
	GlobalSection(SolutionConfigurationPlatforms) = preSolution
		Debug|Any CPU = Debug|Any CPU
		Release|Any CPU = Release|Any CPU
	EndGlobalSection
	GlobalSection(ProjectConfigurationPlatforms) = postSolution
		{DA1980A3-90B4-43CC-BC79-123D2D6E9A1E}.Debug|Any CPU.ActiveCfg = Debug|Any CPU
		{DA1980A3-90B4-43CC-BC79-123D2D6E9A1E}.Debug|Any CPU.Build.0 = Debug|Any CPU
		{DA1980A3-90B4-43CC-BC79-123D2D6E9A1E}.Release|Any CPU.ActiveCfg = Release|Any CPU
		{DA1980A3-90B4-43CC-BC79-123D2D6E9A1E}.Release|Any CPU.Build.0 = Release|Any CPU
	EndGlobalSection
	GlobalSection(SolutionProperties) = preSolution
		HideSolutionNode = FALSE
	EndGlobalSection
	GlobalSection(ExtensibilityGlobals) = postSolution
		SolutionGuid = {6438E44F-3583-43BB-B19D-B168F790FBEB}
	EndGlobalSection
EndGlobal
